
Microsoft Visual Studio Solution File, Format Version 12.00
# Visual Studio Version 16
VisualStudioVersion = 16.0.29324.140
MinimumVisualStudioVersion = 10.0.40219.1
Project("{FAE04EC0-301F-11D3-BF4B-00C04F79EFBC}") = "RodskaNote", "RodskaNote.csproj", "{3ED8EC06-017C-4F17-996D-92D16524BC1F}"
	ProjectSection(ProjectDependencies) = postProject
		{985C27F7-2595-4286-867C-FC5BC7D2475B} = {985C27F7-2595-4286-867C-FC5BC7D2475B}
	EndProjectSection
EndProject
Project("{2150E333-8FDC-42A3-9474-1A3956D46DE8}") = "SDK", "SDK", "{A7BE5BF1-7960-4627-AF2D-2F0F38083085}"
EndProject
Project("{FAE04EC0-301F-11D3-BF4B-00C04F79EFBC}") = "RodskaNote.SDK", "..\RodskaNote.SDK\RodskaNote.SDK.csproj", "{985C27F7-2595-4286-867C-FC5BC7D2475B}"
EndProject
Project("{FAE04EC0-301F-11D3-BF4B-00C04F79EFBC}") = "RodskaNote.SDK.Extension", "..\RodskaNote.SDK.Extension\RodskaNote.SDK.Extension.csproj", "{24EE044F-45BA-4874-93BF-BA56679D8A6F}"
EndProject
Project("{FAE04EC0-301F-11D3-BF4B-00C04F79EFBC}") = "RodskaNote.SDK.Extension.Plugin", "..\RodskaNote.SDK.Extension.Plugin\RodskaNote.SDK.Extension.Plugin.csproj", "{A011AC4B-5CF3-4FD7-B49F-64A26D768BD5}"
EndProject
Project("{9A19103F-16F7-4668-BE54-9A1E7A4F7556}") = "RodskaPack", "..\RodskaPack\RodskaPack.csproj", "{0AB84E2A-3A84-4377-A9FF-16209EA895A1}"
EndProject
Project("{2150E333-8FDC-42A3-9474-1A3956D46DE8}") = "Extension", "Extension", "{E3E9EC2D-1F7F-4175-B95F-1458DA815BDA}"
EndProject
Project("{2150E333-8FDC-42A3-9474-1A3956D46DE8}") = "Library", "Library", "{CCF21412-256B-4DE3-A954-8BC07CF450BE}"
EndProject
Project("{FAE04EC0-301F-11D3-BF4B-00C04F79EFBC}") = "RodskaNotePluginDefinition", "..\RodskaNotePluginDefinition\RodskaNotePluginDefinition.csproj", "{BBF028C4-5DB8-4720-9BB6-B3D9ED5C3DEF}"
EndProject
Project("{FAE04EC0-301F-11D3-BF4B-00C04F79EFBC}") = "RodskaNote.SDKLib", "..\RodskaNote.SDKLib\RodskaNote.SDKLib.csproj", "{CE660E7A-279D-4352-89AD-D7E0D89200E8}"
EndProject
Project("{2150E333-8FDC-42A3-9474-1A3956D46DE8}") = "Lite", "Lite", "{CB909677-F405-4640-90FD-4818823ECB01}"
EndProject
Global
	GlobalSection(SolutionConfigurationPlatforms) = preSolution
		Debug|Any CPU = Debug|Any CPU
		Debug|ARM = Debug|ARM
		Debug|ARM64 = Debug|ARM64
		Debug|x64 = Debug|x64
		Debug|x86 = Debug|x86
		Release|Any CPU = Release|Any CPU
		Release|ARM = Release|ARM
		Release|ARM64 = Release|ARM64
		Release|x64 = Release|x64
		Release|x86 = Release|x86
	EndGlobalSection
	GlobalSection(ProjectConfigurationPlatforms) = postSolution
		{3ED8EC06-017C-4F17-996D-92D16524BC1F}.Debug|Any CPU.ActiveCfg = Debug|Any CPU
		{3ED8EC06-017C-4F17-996D-92D16524BC1F}.Debug|Any CPU.Build.0 = Debug|Any CPU
		{3ED8EC06-017C-4F17-996D-92D16524BC1F}.Debug|ARM.ActiveCfg = Debug|Any CPU
		{3ED8EC06-017C-4F17-996D-92D16524BC1F}.Debug|ARM.Build.0 = Debug|Any CPU
		{3ED8EC06-017C-4F17-996D-92D16524BC1F}.Debug|ARM64.ActiveCfg = Debug|Any CPU
		{3ED8EC06-017C-4F17-996D-92D16524BC1F}.Debug|ARM64.Build.0 = Debug|Any CPU
		{3ED8EC06-017C-4F17-996D-92D16524BC1F}.Debug|x64.ActiveCfg = Debug|Any CPU
		{3ED8EC06-017C-4F17-996D-92D16524BC1F}.Debug|x64.Build.0 = Debug|Any CPU
		{3ED8EC06-017C-4F17-996D-92D16524BC1F}.Debug|x86.ActiveCfg = Debug|x86
		{3ED8EC06-017C-4F17-996D-92D16524BC1F}.Debug|x86.Build.0 = Debug|x86
		{3ED8EC06-017C-4F17-996D-92D16524BC1F}.Release|Any CPU.ActiveCfg = Release|Any CPU
		{3ED8EC06-017C-4F17-996D-92D16524BC1F}.Release|Any CPU.Build.0 = Release|Any CPU
		{3ED8EC06-017C-4F17-996D-92D16524BC1F}.Release|ARM.ActiveCfg = Release|Any CPU
		{3ED8EC06-017C-4F17-996D-92D16524BC1F}.Release|ARM.Build.0 = Release|Any CPU
		{3ED8EC06-017C-4F17-996D-92D16524BC1F}.Release|ARM64.ActiveCfg = Release|Any CPU
		{3ED8EC06-017C-4F17-996D-92D16524BC1F}.Release|ARM64.Build.0 = Release|Any CPU
		{3ED8EC06-017C-4F17-996D-92D16524BC1F}.Release|x64.ActiveCfg = Release|Any CPU
		{3ED8EC06-017C-4F17-996D-92D16524BC1F}.Release|x64.Build.0 = Release|Any CPU
		{3ED8EC06-017C-4F17-996D-92D16524BC1F}.Release|x86.ActiveCfg = Release|x86
		{3ED8EC06-017C-4F17-996D-92D16524BC1F}.Release|x86.Build.0 = Release|x86
		{985C27F7-2595-4286-867C-FC5BC7D2475B}.Debug|Any CPU.ActiveCfg = Release|Any CPU
		{985C27F7-2595-4286-867C-FC5BC7D2475B}.Debug|Any CPU.Build.0 = Release|Any CPU
		{985C27F7-2595-4286-867C-FC5BC7D2475B}.Debug|ARM.ActiveCfg = Debug|Any CPU
		{985C27F7-2595-4286-867C-FC5BC7D2475B}.Debug|ARM.Build.0 = Debug|Any CPU
		{985C27F7-2595-4286-867C-FC5BC7D2475B}.Debug|ARM64.ActiveCfg = Debug|Any CPU
		{985C27F7-2595-4286-867C-FC5BC7D2475B}.Debug|ARM64.Build.0 = Debug|Any CPU
		{985C27F7-2595-4286-867C-FC5BC7D2475B}.Debug|x64.ActiveCfg = Debug|Any CPU
		{985C27F7-2595-4286-867C-FC5BC7D2475B}.Debug|x64.Build.0 = Debug|Any CPU
		{985C27F7-2595-4286-867C-FC5BC7D2475B}.Debug|x86.ActiveCfg = Debug|Any CPU
		{985C27F7-2595-4286-867C-FC5BC7D2475B}.Debug|x86.Build.0 = Debug|Any CPU
		{985C27F7-2595-4286-867C-FC5BC7D2475B}.Release|Any CPU.ActiveCfg = Release|Any CPU
		{985C27F7-2595-4286-867C-FC5BC7D2475B}.Release|Any CPU.Build.0 = Release|Any CPU
		{985C27F7-2595-4286-867C-FC5BC7D2475B}.Release|ARM.ActiveCfg = Release|Any CPU
		{985C27F7-2595-4286-867C-FC5BC7D2475B}.Release|ARM.Build.0 = Release|Any CPU
		{985C27F7-2595-4286-867C-FC5BC7D2475B}.Release|ARM64.ActiveCfg = Release|Any CPU
		{985C27F7-2595-4286-867C-FC5BC7D2475B}.Release|ARM64.Build.0 = Release|Any CPU
		{985C27F7-2595-4286-867C-FC5BC7D2475B}.Release|x64.ActiveCfg = Release|Any CPU
		{985C27F7-2595-4286-867C-FC5BC7D2475B}.Release|x64.Build.0 = Release|Any CPU
		{985C27F7-2595-4286-867C-FC5BC7D2475B}.Release|x86.ActiveCfg = Release|Any CPU
		{985C27F7-2595-4286-867C-FC5BC7D2475B}.Release|x86.Build.0 = Release|Any CPU
		{24EE044F-45BA-4874-93BF-BA56679D8A6F}.Debug|Any CPU.ActiveCfg = Debug|Any CPU
		{24EE044F-45BA-4874-93BF-BA56679D8A6F}.Debug|Any CPU.Build.0 = Debug|Any CPU
		{24EE044F-45BA-4874-93BF-BA56679D8A6F}.Debug|ARM.ActiveCfg = Debug|Any CPU
		{24EE044F-45BA-4874-93BF-BA56679D8A6F}.Debug|ARM.Build.0 = Debug|Any CPU
		{24EE044F-45BA-4874-93BF-BA56679D8A6F}.Debug|ARM64.ActiveCfg = Debug|Any CPU
		{24EE044F-45BA-4874-93BF-BA56679D8A6F}.Debug|ARM64.Build.0 = Debug|Any CPU
		{24EE044F-45BA-4874-93BF-BA56679D8A6F}.Debug|x64.ActiveCfg = Debug|Any CPU
		{24EE044F-45BA-4874-93BF-BA56679D8A6F}.Debug|x64.Build.0 = Debug|Any CPU
		{24EE044F-45BA-4874-93BF-BA56679D8A6F}.Debug|x86.ActiveCfg = Debug|Any CPU
		{24EE044F-45BA-4874-93BF-BA56679D8A6F}.Debug|x86.Build.0 = Debug|Any CPU
		{24EE044F-45BA-4874-93BF-BA56679D8A6F}.Release|Any CPU.ActiveCfg = Release|Any CPU
		{24EE044F-45BA-4874-93BF-BA56679D8A6F}.Release|Any CPU.Build.0 = Release|Any CPU
		{24EE044F-45BA-4874-93BF-BA56679D8A6F}.Release|ARM.ActiveCfg = Release|Any CPU
		{24EE044F-45BA-4874-93BF-BA56679D8A6F}.Release|ARM.Build.0 = Release|Any CPU
		{24EE044F-45BA-4874-93BF-BA56679D8A6F}.Release|ARM64.ActiveCfg = Release|Any CPU
		{24EE044F-45BA-4874-93BF-BA56679D8A6F}.Release|ARM64.Build.0 = Release|Any CPU
		{24EE044F-45BA-4874-93BF-BA56679D8A6F}.Release|x64.ActiveCfg = Release|Any CPU
		{24EE044F-45BA-4874-93BF-BA56679D8A6F}.Release|x64.Build.0 = Release|Any CPU
		{24EE044F-45BA-4874-93BF-BA56679D8A6F}.Release|x86.ActiveCfg = Release|Any CPU
		{24EE044F-45BA-4874-93BF-BA56679D8A6F}.Release|x86.Build.0 = Release|Any CPU
		{A011AC4B-5CF3-4FD7-B49F-64A26D768BD5}.Debug|Any CPU.ActiveCfg = Debug|Any CPU
		{A011AC4B-5CF3-4FD7-B49F-64A26D768BD5}.Debug|Any CPU.Build.0 = Debug|Any CPU
		{A011AC4B-5CF3-4FD7-B49F-64A26D768BD5}.Debug|ARM.ActiveCfg = Debug|Any CPU
		{A011AC4B-5CF3-4FD7-B49F-64A26D768BD5}.Debug|ARM.Build.0 = Debug|Any CPU
		{A011AC4B-5CF3-4FD7-B49F-64A26D768BD5}.Debug|ARM64.ActiveCfg = Debug|Any CPU
		{A011AC4B-5CF3-4FD7-B49F-64A26D768BD5}.Debug|ARM64.Build.0 = Debug|Any CPU
		{A011AC4B-5CF3-4FD7-B49F-64A26D768BD5}.Debug|x64.ActiveCfg = Debug|Any CPU
		{A011AC4B-5CF3-4FD7-B49F-64A26D768BD5}.Debug|x64.Build.0 = Debug|Any CPU
		{A011AC4B-5CF3-4FD7-B49F-64A26D768BD5}.Debug|x86.ActiveCfg = Debug|Any CPU
		{A011AC4B-5CF3-4FD7-B49F-64A26D768BD5}.Debug|x86.Build.0 = Debug|Any CPU
		{A011AC4B-5CF3-4FD7-B49F-64A26D768BD5}.Release|Any CPU.ActiveCfg = Release|Any CPU
		{A011AC4B-5CF3-4FD7-B49F-64A26D768BD5}.Release|Any CPU.Build.0 = Release|Any CPU
		{A011AC4B-5CF3-4FD7-B49F-64A26D768BD5}.Release|ARM.ActiveCfg = Release|Any CPU
		{A011AC4B-5CF3-4FD7-B49F-64A26D768BD5}.Release|ARM.Build.0 = Release|Any CPU
		{A011AC4B-5CF3-4FD7-B49F-64A26D768BD5}.Release|ARM64.ActiveCfg = Release|Any CPU
		{A011AC4B-5CF3-4FD7-B49F-64A26D768BD5}.Release|ARM64.Build.0 = Release|Any CPU
		{A011AC4B-5CF3-4FD7-B49F-64A26D768BD5}.Release|x64.ActiveCfg = Release|Any CPU
		{A011AC4B-5CF3-4FD7-B49F-64A26D768BD5}.Release|x64.Build.0 = Release|Any CPU
		{A011AC4B-5CF3-4FD7-B49F-64A26D768BD5}.Release|x86.ActiveCfg = Release|Any CPU
		{A011AC4B-5CF3-4FD7-B49F-64A26D768BD5}.Release|x86.Build.0 = Release|Any CPU
		{0AB84E2A-3A84-4377-A9FF-16209EA895A1}.Debug|Any CPU.ActiveCfg = Debug|Any CPU
		{0AB84E2A-3A84-4377-A9FF-16209EA895A1}.Debug|Any CPU.Build.0 = Debug|Any CPU
		{0AB84E2A-3A84-4377-A9FF-16209EA895A1}.Debug|ARM.ActiveCfg = Debug|Any CPU
		{0AB84E2A-3A84-4377-A9FF-16209EA895A1}.Debug|ARM.Build.0 = Debug|Any CPU
		{0AB84E2A-3A84-4377-A9FF-16209EA895A1}.Debug|ARM64.ActiveCfg = Debug|Any CPU
		{0AB84E2A-3A84-4377-A9FF-16209EA895A1}.Debug|ARM64.Build.0 = Debug|Any CPU
		{0AB84E2A-3A84-4377-A9FF-16209EA895A1}.Debug|x64.ActiveCfg = Debug|Any CPU
		{0AB84E2A-3A84-4377-A9FF-16209EA895A1}.Debug|x64.Build.0 = Debug|Any CPU
		{0AB84E2A-3A84-4377-A9FF-16209EA895A1}.Debug|x86.ActiveCfg = Debug|Any CPU
		{0AB84E2A-3A84-4377-A9FF-16209EA895A1}.Debug|x86.Build.0 = Debug|Any CPU
		{0AB84E2A-3A84-4377-A9FF-16209EA895A1}.Release|Any CPU.ActiveCfg = Release|Any CPU
		{0AB84E2A-3A84-4377-A9FF-16209EA895A1}.Release|Any CPU.Build.0 = Release|Any CPU
		{0AB84E2A-3A84-4377-A9FF-16209EA895A1}.Release|ARM.ActiveCfg = Release|Any CPU
		{0AB84E2A-3A84-4377-A9FF-16209EA895A1}.Release|ARM.Build.0 = Release|Any CPU
		{0AB84E2A-3A84-4377-A9FF-16209EA895A1}.Release|ARM64.ActiveCfg = Release|Any CPU
		{0AB84E2A-3A84-4377-A9FF-16209EA895A1}.Release|ARM64.Build.0 = Release|Any CPU
		{0AB84E2A-3A84-4377-A9FF-16209EA895A1}.Release|x64.ActiveCfg = Release|Any CPU
		{0AB84E2A-3A84-4377-A9FF-16209EA895A1}.Release|x64.Build.0 = Release|Any CPU
		{0AB84E2A-3A84-4377-A9FF-16209EA895A1}.Release|x86.ActiveCfg = Release|Any CPU
		{0AB84E2A-3A84-4377-A9FF-16209EA895A1}.Release|x86.Build.0 = Release|Any CPU
		{BBF028C4-5DB8-4720-9BB6-B3D9ED5C3DEF}.Debug|Any CPU.ActiveCfg = Debug|Any CPU
		{BBF028C4-5DB8-4720-9BB6-B3D9ED5C3DEF}.Debug|Any CPU.Build.0 = Debug|Any CPU
		{BBF028C4-5DB8-4720-9BB6-B3D9ED5C3DEF}.Debug|ARM.ActiveCfg = Debug|Any CPU
		{BBF028C4-5DB8-4720-9BB6-B3D9ED5C3DEF}.Debug|ARM.Build.0 = Debug|Any CPU
		{BBF028C4-5DB8-4720-9BB6-B3D9ED5C3DEF}.Debug|ARM64.ActiveCfg = Debug|Any CPU
		{BBF028C4-5DB8-4720-9BB6-B3D9ED5C3DEF}.Debug|ARM64.Build.0 = Debug|Any CPU
		{BBF028C4-5DB8-4720-9BB6-B3D9ED5C3DEF}.Debug|x64.ActiveCfg = Debug|Any CPU
		{BBF028C4-5DB8-4720-9BB6-B3D9ED5C3DEF}.Debug|x64.Build.0 = Debug|Any CPU
		{BBF028C4-5DB8-4720-9BB6-B3D9ED5C3DEF}.Debug|x86.ActiveCfg = Debug|Any CPU
		{BBF028C4-5DB8-4720-9BB6-B3D9ED5C3DEF}.Debug|x86.Build.0 = Debug|Any CPU
		{BBF028C4-5DB8-4720-9BB6-B3D9ED5C3DEF}.Release|Any CPU.ActiveCfg = Release|Any CPU
		{BBF028C4-5DB8-4720-9BB6-B3D9ED5C3DEF}.Release|Any CPU.Build.0 = Release|Any CPU
		{BBF028C4-5DB8-4720-9BB6-B3D9ED5C3DEF}.Release|ARM.ActiveCfg = Release|Any CPU
		{BBF028C4-5DB8-4720-9BB6-B3D9ED5C3DEF}.Release|ARM.Build.0 = Release|Any CPU
		{BBF028C4-5DB8-4720-9BB6-B3D9ED5C3DEF}.Release|ARM64.ActiveCfg = Release|Any CPU
		{BBF028C4-5DB8-4720-9BB6-B3D9ED5C3DEF}.Release|ARM64.Build.0 = Release|Any CPU
		{BBF028C4-5DB8-4720-9BB6-B3D9ED5C3DEF}.Release|x64.ActiveCfg = Release|Any CPU
		{BBF028C4-5DB8-4720-9BB6-B3D9ED5C3DEF}.Release|x64.Build.0 = Release|Any CPU
		{BBF028C4-5DB8-4720-9BB6-B3D9ED5C3DEF}.Release|x86.ActiveCfg = Release|Any CPU
		{BBF028C4-5DB8-4720-9BB6-B3D9ED5C3DEF}.Release|x86.Build.0 = Release|Any CPU
		{CE660E7A-279D-4352-89AD-D7E0D89200E8}.Debug|Any CPU.ActiveCfg = Debug|Any CPU
		{CE660E7A-279D-4352-89AD-D7E0D89200E8}.Debug|Any CPU.Build.0 = Debug|Any CPU
		{CE660E7A-279D-4352-89AD-D7E0D89200E8}.Debug|ARM.ActiveCfg = Debug|Any CPU
		{CE660E7A-279D-4352-89AD-D7E0D89200E8}.Debug|ARM.Build.0 = Debug|Any CPU
		{CE660E7A-279D-4352-89AD-D7E0D89200E8}.Debug|ARM64.ActiveCfg = Debug|Any CPU
		{CE660E7A-279D-4352-89AD-D7E0D89200E8}.Debug|ARM64.Build.0 = Debug|Any CPU
		{CE660E7A-279D-4352-89AD-D7E0D89200E8}.Debug|x64.ActiveCfg = Debug|Any CPU
		{CE660E7A-279D-4352-89AD-D7E0D89200E8}.Debug|x64.Build.0 = Debug|Any CPU
		{CE660E7A-279D-4352-89AD-D7E0D89200E8}.Debug|x86.ActiveCfg = Debug|Any CPU
		{CE660E7A-279D-4352-89AD-D7E0D89200E8}.Debug|x86.Build.0 = Debug|Any CPU
		{CE660E7A-279D-4352-89AD-D7E0D89200E8}.Release|Any CPU.ActiveCfg = Release|Any CPU
		{CE660E7A-279D-4352-89AD-D7E0D89200E8}.Release|Any CPU.Build.0 = Release|Any CPU
		{CE660E7A-279D-4352-89AD-D7E0D89200E8}.Release|ARM.ActiveCfg = Release|Any CPU
		{CE660E7A-279D-4352-89AD-D7E0D89200E8}.Release|ARM.Build.0 = Release|Any CPU
		{CE660E7A-279D-4352-89AD-D7E0D89200E8}.Release|ARM64.ActiveCfg = Release|Any CPU
		{CE660E7A-279D-4352-89AD-D7E0D89200E8}.Release|ARM64.Build.0 = Release|Any CPU
		{CE660E7A-279D-4352-89AD-D7E0D89200E8}.Release|x64.ActiveCfg = Release|Any CPU
		{CE660E7A-279D-4352-89AD-D7E0D89200E8}.Release|x64.Build.0 = Release|Any CPU
		{CE660E7A-279D-4352-89AD-D7E0D89200E8}.Release|x86.ActiveCfg = Release|Any CPU
		{CE660E7A-279D-4352-89AD-D7E0D89200E8}.Release|x86.Build.0 = Release|Any CPU
	EndGlobalSection
	GlobalSection(SolutionProperties) = preSolution
		HideSolutionNode = FALSE
	EndGlobalSection
	GlobalSection(NestedProjects) = preSolution
		{985C27F7-2595-4286-867C-FC5BC7D2475B} = {CCF21412-256B-4DE3-A954-8BC07CF450BE}
		{24EE044F-45BA-4874-93BF-BA56679D8A6F} = {E3E9EC2D-1F7F-4175-B95F-1458DA815BDA}
		{A011AC4B-5CF3-4FD7-B49F-64A26D768BD5} = {E3E9EC2D-1F7F-4175-B95F-1458DA815BDA}
		{E3E9EC2D-1F7F-4175-B95F-1458DA815BDA} = {A7BE5BF1-7960-4627-AF2D-2F0F38083085}
		{CCF21412-256B-4DE3-A954-8BC07CF450BE} = {A7BE5BF1-7960-4627-AF2D-2F0F38083085}
		{BBF028C4-5DB8-4720-9BB6-B3D9ED5C3DEF} = {E3E9EC2D-1F7F-4175-B95F-1458DA815BDA}
		{CE660E7A-279D-4352-89AD-D7E0D89200E8} = {E3E9EC2D-1F7F-4175-B95F-1458DA815BDA}
	EndGlobalSection
	GlobalSection(ExtensibilityGlobals) = postSolution
		SolutionGuid = {BEFAEDC8-EAD3-4183-811E-26CEC0CB4EE6}
	EndGlobalSection
EndGlobal
